
Microsoft Visual Studio Solution File, Format Version 12.00
# Visual Studio Version 17
VisualStudioVersion = 17.0.31903.59
MinimumVisualStudioVersion = 10.0.40219.1
Project("{2150E333-8FDC-42A3-9474-1A3956D46DE8}") = "Solution Items", "Solution Items", "{C8B5C061-4496-46B7-B9C5-10381520FA4D}"
	ProjectSection(SolutionItems) = preProject
		.editorconfig = .editorconfig
		global.json = global.json
		README.md = README.md
		Directory.Build.props = Directory.Build.props
		.gitignore = .gitignore
	EndProjectSection
EndProject
Project("{2150E333-8FDC-42A3-9474-1A3956D46DE8}") = "src", "src", "{A838F419-B488-4482-A0ED-C017B92A7D29}"
EndProject
Project("{2150E333-8FDC-42A3-9474-1A3956D46DE8}") = "tests", "tests", "{08535BFD-5C2B-4D8B-90B7-520C578BA7E4}"
EndProject
Project("{2150E333-8FDC-42A3-9474-1A3956D46DE8}") = "examples", "examples", "{432FABD2-1B70-4E29-935B-AEE6D93559E2}"
EndProject
Project("{FAE04EC0-301F-11D3-BF4B-00C04F79EFBC}") = "N.SourceGenerators.UnionTypes", "src\N.SourceGenerators.UnionTypes\N.SourceGenerators.UnionTypes.csproj", "{2C39796B-5B3A-42F9-84DF-0501A44030B7}"
EndProject
Project("{FAE04EC0-301F-11D3-BF4B-00C04F79EFBC}") = "N.SourceGenerators.UnionTypes.Examples", "examples\N.SourceGenerators.UnionTypes.Examples\N.SourceGenerators.UnionTypes.Examples.csproj", "{2345EBD2-CF3A-4FB9-B80F-0DEB5650EBB1}"
EndProject
Project("{FAE04EC0-301F-11D3-BF4B-00C04F79EFBC}") = "N.SourceGenerators.UnionTypes.Tests", "tests\N.SourceGenerators.UnionTypes.Tests\N.SourceGenerators.UnionTypes.Tests.csproj", "{26FF57BD-99BE-4A3E-A8BF-AA7B3D9FC02F}"
EndProject
Project("{2150E333-8FDC-42A3-9474-1A3956D46DE8}") = "workflows", "workflows", "{CAD9CCB8-F691-4535-9A5E-30F4FB551EF9}"
	ProjectSection(SolutionItems) = preProject
		.github\workflows\push-package.yml = .github\workflows\push-package.yml
		.github\workflows\run-tests.yml = .github\workflows\run-tests.yml
	EndProjectSection
EndProject
Project("{FAE04EC0-301F-11D3-BF4B-00C04F79EFBC}") = "N.SourceGenerators.UnionTypes.Benchmark", "src\N.SourceGenerators.UnionTypes.Benchmark\N.SourceGenerators.UnionTypes.Benchmark.csproj", "{6A0EBB25-94B5-45E7-B2C7-F137E25E5850}"
EndProject
Project("{FAE04EC0-301F-11D3-BF4B-00C04F79EFBC}") = "DataAccess", "examples\DataAccess\DataAccess.csproj", "{3B72811B-AA6E-4263-B0E9-931648D636BC}"
EndProject
Project("{FAE04EC0-301F-11D3-BF4B-00C04F79EFBC}") = "BusinessLogic", "examples\BusinessLogic\BusinessLogic.csproj", "{007DEABA-55E6-4AF8-95D7-B869D6B46126}"
EndProject
Project("{FAE04EC0-301F-11D3-BF4B-00C04F79EFBC}") = "N.SourceGenerators.UnionTypes.BehaviorTests", "tests\N.SourceGenerators.UnionTypes.BehaviorTests\N.SourceGenerators.UnionTypes.BehaviorTests.csproj", "{5DD23F15-E950-4538-BF17-8BC5A7F4F720}"
EndProject
Project("{FAE04EC0-301F-11D3-BF4B-00C04F79EFBC}") = "LegacyFramework", "examples\LegacyFramework\LegacyFramework.csproj", "{E90A05B8-3085-4DC6-857A-5D87ECEBC99B}"
EndProject
Global
	GlobalSection(SolutionConfigurationPlatforms) = preSolution
		Debug|Any CPU = Debug|Any CPU
		Release|Any CPU = Release|Any CPU
	EndGlobalSection
	GlobalSection(SolutionProperties) = preSolution
		HideSolutionNode = FALSE
	EndGlobalSection
	GlobalSection(NestedProjects) = preSolution
		{2C39796B-5B3A-42F9-84DF-0501A44030B7} = {A838F419-B488-4482-A0ED-C017B92A7D29}
		{2345EBD2-CF3A-4FB9-B80F-0DEB5650EBB1} = {432FABD2-1B70-4E29-935B-AEE6D93559E2}
		{26FF57BD-99BE-4A3E-A8BF-AA7B3D9FC02F} = {08535BFD-5C2B-4D8B-90B7-520C578BA7E4}
		{CAD9CCB8-F691-4535-9A5E-30F4FB551EF9} = {C8B5C061-4496-46B7-B9C5-10381520FA4D}
		{6A0EBB25-94B5-45E7-B2C7-F137E25E5850} = {A838F419-B488-4482-A0ED-C017B92A7D29}
		{3B72811B-AA6E-4263-B0E9-931648D636BC} = {432FABD2-1B70-4E29-935B-AEE6D93559E2}
		{007DEABA-55E6-4AF8-95D7-B869D6B46126} = {432FABD2-1B70-4E29-935B-AEE6D93559E2}
		{5DD23F15-E950-4538-BF17-8BC5A7F4F720} = {08535BFD-5C2B-4D8B-90B7-520C578BA7E4}
		{E90A05B8-3085-4DC6-857A-5D87ECEBC99B} = {432FABD2-1B70-4E29-935B-AEE6D93559E2}
	EndGlobalSection
	GlobalSection(ProjectConfigurationPlatforms) = postSolution
		{2C39796B-5B3A-42F9-84DF-0501A44030B7}.Debug|Any CPU.ActiveCfg = Debug|Any CPU
		{2C39796B-5B3A-42F9-84DF-0501A44030B7}.Debug|Any CPU.Build.0 = Debug|Any CPU
		{2C39796B-5B3A-42F9-84DF-0501A44030B7}.Release|Any CPU.ActiveCfg = Release|Any CPU
		{2C39796B-5B3A-42F9-84DF-0501A44030B7}.Release|Any CPU.Build.0 = Release|Any CPU
		{2345EBD2-CF3A-4FB9-B80F-0DEB5650EBB1}.Debug|Any CPU.ActiveCfg = Debug|Any CPU
		{2345EBD2-CF3A-4FB9-B80F-0DEB5650EBB1}.Debug|Any CPU.Build.0 = Debug|Any CPU
		{2345EBD2-CF3A-4FB9-B80F-0DEB5650EBB1}.Release|Any CPU.ActiveCfg = Release|Any CPU
		{2345EBD2-CF3A-4FB9-B80F-0DEB5650EBB1}.Release|Any CPU.Build.0 = Release|Any CPU
		{26FF57BD-99BE-4A3E-A8BF-AA7B3D9FC02F}.Debug|Any CPU.ActiveCfg = Debug|Any CPU
		{26FF57BD-99BE-4A3E-A8BF-AA7B3D9FC02F}.Debug|Any CPU.Build.0 = Debug|Any CPU
		{26FF57BD-99BE-4A3E-A8BF-AA7B3D9FC02F}.Release|Any CPU.ActiveCfg = Release|Any CPU
		{26FF57BD-99BE-4A3E-A8BF-AA7B3D9FC02F}.Release|Any CPU.Build.0 = Release|Any CPU
		{6A0EBB25-94B5-45E7-B2C7-F137E25E5850}.Debug|Any CPU.ActiveCfg = Debug|Any CPU
		{6A0EBB25-94B5-45E7-B2C7-F137E25E5850}.Debug|Any CPU.Build.0 = Debug|Any CPU
		{6A0EBB25-94B5-45E7-B2C7-F137E25E5850}.Release|Any CPU.ActiveCfg = Release|Any CPU
		{6A0EBB25-94B5-45E7-B2C7-F137E25E5850}.Release|Any CPU.Build.0 = Release|Any CPU
		{3B72811B-AA6E-4263-B0E9-931648D636BC}.Debug|Any CPU.ActiveCfg = Debug|Any CPU
		{3B72811B-AA6E-4263-B0E9-931648D636BC}.Debug|Any CPU.Build.0 = Debug|Any CPU
		{3B72811B-AA6E-4263-B0E9-931648D636BC}.Release|Any CPU.ActiveCfg = Release|Any CPU
		{3B72811B-AA6E-4263-B0E9-931648D636BC}.Release|Any CPU.Build.0 = Release|Any CPU
		{007DEABA-55E6-4AF8-95D7-B869D6B46126}.Debug|Any CPU.ActiveCfg = Debug|Any CPU
		{007DEABA-55E6-4AF8-95D7-B869D6B46126}.Debug|Any CPU.Build.0 = Debug|Any CPU
		{007DEABA-55E6-4AF8-95D7-B869D6B46126}.Release|Any CPU.ActiveCfg = Release|Any CPU
		{007DEABA-55E6-4AF8-95D7-B869D6B46126}.Release|Any CPU.Build.0 = Release|Any CPU
		{5DD23F15-E950-4538-BF17-8BC5A7F4F720}.Debug|Any CPU.ActiveCfg = Debug|Any CPU
		{5DD23F15-E950-4538-BF17-8BC5A7F4F720}.Debug|Any CPU.Build.0 = Debug|Any CPU
		{5DD23F15-E950-4538-BF17-8BC5A7F4F720}.Release|Any CPU.ActiveCfg = Release|Any CPU
		{5DD23F15-E950-4538-BF17-8BC5A7F4F720}.Release|Any CPU.Build.0 = Release|Any CPU
		{E90A05B8-3085-4DC6-857A-5D87ECEBC99B}.Debug|Any CPU.ActiveCfg = Debug|Any CPU
		{E90A05B8-3085-4DC6-857A-5D87ECEBC99B}.Debug|Any CPU.Build.0 = Debug|Any CPU
		{E90A05B8-3085-4DC6-857A-5D87ECEBC99B}.Release|Any CPU.ActiveCfg = Release|Any CPU
		{E90A05B8-3085-4DC6-857A-5D87ECEBC99B}.Release|Any CPU.Build.0 = Release|Any CPU
	EndGlobalSection
EndGlobal
